
Microsoft Visual Studio Solution File, Format Version 12.00
# Visual Studio Version 17
VisualStudioVersion = 17.1.32421.90
MinimumVisualStudioVersion = 10.0.40219.1
Project("{FAE04EC0-301F-11D3-BF4B-00C04F79EFBC}") = "domino-train", "domino-train.csproj", "{04E9C8A7-4C67-43F9-9F6C-45A37D29544C}"
EndProject
Global
	GlobalSection(SolutionConfigurationPlatforms) = preSolution
		Debug|Any CPU = Debug|Any CPU
		Release|Any CPU = Release|Any CPU
	EndGlobalSection
	GlobalSection(ProjectConfigurationPlatforms) = postSolution
		{04E9C8A7-4C67-43F9-9F6C-45A37D29544C}.Debug|Any CPU.ActiveCfg = Debug|Any CPU
		{04E9C8A7-4C67-43F9-9F6C-45A37D29544C}.Debug|Any CPU.Build.0 = Debug|Any CPU
		{04E9C8A7-4C67-43F9-9F6C-45A37D29544C}.Release|Any CPU.ActiveCfg = Release|Any CPU
		{04E9C8A7-4C67-43F9-9F6C-45A37D29544C}.Release|Any CPU.Build.0 = Release|Any CPU
	EndGlobalSection
	GlobalSection(SolutionProperties) = preSolution
		HideSolutionNode = FALSE
	EndGlobalSection
	GlobalSection(ExtensibilityGlobals) = postSolution
		SolutionGuid = {C13D52DD-61F2-4ADF-BFFE-C668002ACE40}
	EndGlobalSection
EndGlobal
